
Microsoft Visual Studio Solution File, Format Version 12.00
# Visual Studio 15
VisualStudioVersion = 15.0.26730.12
MinimumVisualStudioVersion = 10.0.40219.1
Project("{2150E333-8FDC-42A3-9474-1A3956D46DE8}") = "Identity", "Identity", "{035D5823-0023-4E1F-A095-B9F6A331F405}"
EndProject
Project("{FAE04EC0-301F-11D3-BF4B-00C04F79EFBC}") = "SocialFake.Identity.Contract", "Identity\SocialFake.Identity.Contract\SocialFake.Identity.Contract.csproj", "{3567F88A-D802-4B09-8FE1-B5D01F909AA3}"
EndProject
Project("{FAE04EC0-301F-11D3-BF4B-00C04F79EFBC}") = "SocialFake.Identity.Domain", "Identity\SocialFake.Identity.Domain\SocialFake.Identity.Domain.csproj", "{8D356420-507D-4595-9AA3-B5C65DA75A4B}"
EndProject
Project("{FAE04EC0-301F-11D3-BF4B-00C04F79EFBC}") = "SocialFake.Identity.Domain.Host", "Identity\SocialFake.Identity.Domain.Host\SocialFake.Identity.Domain.Host.csproj", "{0624F9BA-E74A-43E5-9BC9-86D6BF9E78DB}"
EndProject
Project("{2150E333-8FDC-42A3-9474-1A3956D46DE8}") = "Facade", "Facade", "{F1A67E3A-8ED9-4885-BDA2-061EA2863C04}"
EndProject
Project("{FAE04EC0-301F-11D3-BF4B-00C04F79EFBC}") = "SocialFake.Facade.ReadModel", "Facade\SocialFake.Facade.ReadModel\SocialFake.Facade.ReadModel.csproj", "{9A0062DA-FE05-4273-A5AF-B851D34C7396}"
EndProject
Global
	GlobalSection(SolutionConfigurationPlatforms) = preSolution
		Debug|Any CPU = Debug|Any CPU
		Release|Any CPU = Release|Any CPU
	EndGlobalSection
	GlobalSection(ProjectConfigurationPlatforms) = postSolution
		{3567F88A-D802-4B09-8FE1-B5D01F909AA3}.Debug|Any CPU.ActiveCfg = Debug|Any CPU
		{3567F88A-D802-4B09-8FE1-B5D01F909AA3}.Debug|Any CPU.Build.0 = Debug|Any CPU
		{3567F88A-D802-4B09-8FE1-B5D01F909AA3}.Release|Any CPU.ActiveCfg = Release|Any CPU
		{3567F88A-D802-4B09-8FE1-B5D01F909AA3}.Release|Any CPU.Build.0 = Release|Any CPU
		{8D356420-507D-4595-9AA3-B5C65DA75A4B}.Debug|Any CPU.ActiveCfg = Debug|Any CPU
		{8D356420-507D-4595-9AA3-B5C65DA75A4B}.Debug|Any CPU.Build.0 = Debug|Any CPU
		{8D356420-507D-4595-9AA3-B5C65DA75A4B}.Release|Any CPU.ActiveCfg = Release|Any CPU
		{8D356420-507D-4595-9AA3-B5C65DA75A4B}.Release|Any CPU.Build.0 = Release|Any CPU
		{0624F9BA-E74A-43E5-9BC9-86D6BF9E78DB}.Debug|Any CPU.ActiveCfg = Debug|Any CPU
		{0624F9BA-E74A-43E5-9BC9-86D6BF9E78DB}.Debug|Any CPU.Build.0 = Debug|Any CPU
		{0624F9BA-E74A-43E5-9BC9-86D6BF9E78DB}.Release|Any CPU.ActiveCfg = Release|Any CPU
		{0624F9BA-E74A-43E5-9BC9-86D6BF9E78DB}.Release|Any CPU.Build.0 = Release|Any CPU
		{9A0062DA-FE05-4273-A5AF-B851D34C7396}.Debug|Any CPU.ActiveCfg = Debug|Any CPU
		{9A0062DA-FE05-4273-A5AF-B851D34C7396}.Debug|Any CPU.Build.0 = Debug|Any CPU
		{9A0062DA-FE05-4273-A5AF-B851D34C7396}.Release|Any CPU.ActiveCfg = Release|Any CPU
		{9A0062DA-FE05-4273-A5AF-B851D34C7396}.Release|Any CPU.Build.0 = Release|Any CPU
	EndGlobalSection
	GlobalSection(SolutionProperties) = preSolution
		HideSolutionNode = FALSE
	EndGlobalSection
	GlobalSection(NestedProjects) = preSolution
		{3567F88A-D802-4B09-8FE1-B5D01F909AA3} = {035D5823-0023-4E1F-A095-B9F6A331F405}
		{8D356420-507D-4595-9AA3-B5C65DA75A4B} = {035D5823-0023-4E1F-A095-B9F6A331F405}
		{0624F9BA-E74A-43E5-9BC9-86D6BF9E78DB} = {035D5823-0023-4E1F-A095-B9F6A331F405}
		{9A0062DA-FE05-4273-A5AF-B851D34C7396} = {F1A67E3A-8ED9-4885-BDA2-061EA2863C04}
	EndGlobalSection
	GlobalSection(ExtensibilityGlobals) = postSolution
		SolutionGuid = {4770B032-24E4-4F28-8100-8733DEF8CC66}
	EndGlobalSection
EndGlobal
